github.com/go-sql-driver/mysql v1.7.1 h1:LHPQV9RwdqGwTmyhWfcJnTqVJxmKfIqdhb6Wf/vjIGg=
github.com/go-sql-driver/mysql v1.7.1/go.mod h1:OXbVy3MBEd9eLy4z4X4q3s5m5A3Mm7r8bNlGg8Fz8E0=
github.com/golang-jwt/jwt/v5 v5.2.0 h1:d9uNqPs0dZzzA7WjdY2f2TU9l/HIUhkQn1jW8Q6WjMo=
github.com/golang-jwt/jwt/v5 v5.2.0/go.mod h1:pqrtFR0X4osieyHYxtmOUWsAWrfe1Q5UVIyoH402zdk=
golang.org/x/crypto v0.18.0 h1:PGVlW0xEltQq8FJBqGxMU9PfJqAMX9K0XQq9vQqw7zI=
golang.org/x/crypto v0.18.0/go.mod h1:R0j02AL6hcrfOiy9T4ZYp/Wea44N4p5WhzHpPaHf4cI=
golang.org/x/net v0.10.0 h1:X2//UzNDwYMTCL3WhPZO4q54O9r0yO1dzVxmALqKP0s=
golang.org/x/net v0.10.0/go.mod h1:0qNGK6F8kojg2nk9dLZ2mShWaEBan6GAoYk6qevB0GQ=
golang.org/x/text v0.9.0 h1:Bo4Qwe93CeLaJO6whm5xW9iC1nBqDnVLC4a0W9CLnGk=
golang.org/x/text v0.9.0/go.mod h1:iBI4kOPPzqHD3qz1W1DpD0wqPUWQyuDvda4rFqBKtJ0=
